version = 1
revision = 3
requires-python = "==3.10.*"

[[package]]
name = "colorama"
version = "0.4.6"
source = { registry = "https://pypi.org/simple" }
sdist = { url = "https://files.pythonhosted.org/packages/d8/53/6f443c9a4a8358a93a6792e2acffb9d9d5cb0a5cfd8802644b7b1c9a02e4/colorama-0.4.6.tar.gz", hash = "sha256:08695f5cb7ed6e0531a20572697297273c47b8cae5a63ffc6d6ed5c201be6e44", size = 27697, upload-time = "2022-10-25T02:36:22.414Z" }
wheels = [
    { url = "https://files.pythonhosted.org/packages/d1/d6/3965ed04c63042e047cb6a3e6ed1a63a35087b6a609aa3a15ed8ac56c221/colorama-0.4.6-py2.py3-none-any.whl", hash = "sha256:4f1d9991f5acc0ca119f9d443620b77f9d6b33703e51011c16baf57afb285fc6", size = 25335, upload-time = "2022-10-25T02:36:20.889Z" },
]

[[package]]
name = "disambiguate-docdb-id"
version = "0.1.0"
source = { editable = "." }
dependencies = [
    { name = "lmdb" },
    { name = "lxml" },
    { name = "msgpack" },
    { name = "pytest" },
    { name = "ruff" },
    { name = "tqdm" },
]

[package.metadata]
requires-dist = [
    { name = "lmdb", specifier = ">=2.2.0" },
    { name = "lxml", specifier = ">=6.1.1" },
    { name = "msgpack", specifier = ">=1.1.0,<2" },
    { name = "pytest", specifier = ">=9.0.0" },
    { name = "ruff", specifier = "==0.15.2" },
    { name = "tqdm", specifier = ">=4.67.1,<5" },
]

[[package]]
name = "exceptiongroup"
version = "1.3.1"
source = { registry = "https://pypi.org/simple" }
dependencies = [
    { name = "typing-extensions" },
]
sdist = { url = "https://files.pythonhosted.org/packages/50/79/66800aadf48771f6b62f7eb014e352e5d06856655206165d775e675a02c9/exceptiongroup-1.3.1.tar.gz", hash = "sha256:8b412432c6055b0b7d14c310000ae93352ed6754f70fa8f7c34141f91c4e3219", size = 30371, upload-time = "2025-11-21T23:01:54.787Z" }
wheels = [
    { url = "https://files.pythonhosted.org/packages/8a/0e/97c33bf5009bdbac74fd2beace167cab3f978feb69cc36f1ef79360d6c4e/exceptiongroup-1.3.1-py3-none-any.whl", hash = "sha256:a7a39a3bd276781e98394987d3a5701d0c4edffb633bb7a5144577f82c773598", size = 16740, upload-time = "2025-11-21T23:01:53.443Z" },
]

[[package]]
name = "iniconfig"
version = "2.3.0"
source = { registry = "https://pypi.org/simple" }
sdist = { url = "https://files.pythonhosted.org/packages/72/34/14ca021ce8e5dfedc35312d08ba8bf51fdd999c576889fc2c24cb97f4f10/iniconfig-2.3.0.tar.gz", hash = "sha256:c76315c77db068650d49c5b56314774a7804df16fee4402c1f19d6d15d8c4730", size = 20503, upload-time = "2025-10-18T21:55:43.219Z" }
wheels = [
    { url = "https://files.pythonhosted.org/packages/cb/b1/3846dd7f199d53cb17f49cba7e651e9ce294d8497c8c150530ed11865bb8/iniconfig-2.3.0-py3-none-any.whl", hash = "sha256:f631c04d2c48c52b84d0d0549c99ff3859c98df65b3101406327ecc7d53fbf12", size = 7484, upload-time = "2025-10-18T21:55:41.639Z" },
]

[[package]]
name = "lmdb"
version = "2.2.0"
source = { registry = "https://pypi.org/simple" }
sdist = { url = "https://files.pythonhosted.org/packages/21/44/d94934efaf8f887b6959f131fde740fcaa831edfd13eb5425574637cddd5/lmdb-2.2.0.tar.gz", hash = "sha256:53020e20305c043ea6e68089bc242d744fba6073cdb268332299ba6dda2886d4", size = 933189, upload-time = "2026-03-30T01:26:19.049Z" }
wheels = [
    { url = "https://files.pythonhosted.org/packages/fc/b2/d6f5249f8ce730fab15ef3f0ceed86ab401112ba5c768ba461ac6d7f66be/lmdb-2.2.0-cp310-cp310-macosx_10_9_x86_64.whl", hash = "sha256:41e6a5747d7b8777cc5b1226b57c2dea94023fb55bca5f798f46e50f31c8fd69", size = 112291, upload-time = "2026-03-30T01:25:33.766Z" },
    { url = "https://files.pythonhosted.org/packages/02/ec/3154671ccff606bcde7ef33116c57e0a0cc49912fbf0449e117caa8579e7/lmdb-2.2.0-cp310-cp310-macosx_11_0_arm64.whl", hash = "sha256:97c26c296a907a3990bf26fb7e13a332f58d91048b7c835feab43f9e9a5e9cd2", size = 111112, upload-time = "2026-03-30T01:25:34.953Z" },
    { url = "https://files.pythonhosted.org/packages/0f/30/3f9f357a58f0772663d480346d75ca152f6071121a25ec13d2994b461144/lmdb-2.2.0-cp310-cp310-manylinux2014_aarch64.manylinux_2_17_aarch64.manylinux_2_28_aarch64.whl", hash = "sha256:e86d3403a74d2b6f57459fa6bae07c5be97ad41be4baa102153f355125f058a0", size = 319004, upload-time = "2026-03-30T01:25:36.044Z" },
    { url = "https://files.pythonhosted.org/packages/d6/c5/1ec96f55496b232b9cde99cfebe3dbb41be4d48debd93f1aaadbe89936b3/lmdb-2.2.0-cp310-cp310-manylinux2014_x86_64.manylinux_2_17_x86_64.manylinux_2_28_x86_64.whl", hash = "sha256:dab9b1b0376067ce42c9705065fd4197ddeaf63cda06e2a3988b16ab5a0e5991", size = 321401, upload-time = "2026-03-30T01:25:37.248Z" },
    { url = "https://files.pythonhosted.org/packages/e3/7e/a7f8e478b91e3238d7284d97991b683fefea9e1b3522a57ee5668576a3b5/lmdb-2.2.0-cp310-cp310-win_amd64.whl", hash = "sha256:a07e1d58a2e1b4fceff7741adc1a41ed636ec6368a3201c465fa5709a212907a", size = 109758, upload-time = "2026-03-30T01:25:38.359Z" },
    { url = "https://files.pythonhosted.org/packages/a9/55/8c83540dfc77666668f65074336e74d3e409822f5ad7f5223c21edbf92ab/lmdb-2.2.0-cp310-cp310-win_arm64.whl", hash = "sha256:85ccaba7a254b1570395960037cc9a414249fca35674a582b92eac00fc879653", size = 103507, upload-time = "2026-03-30T01:25:39.733Z" },
    { url = "https://files.pythonhosted.org/packages/b2/05/a1831e9c3a312e57b694ada1574f17b3acd3b2753e92b4d06a8d942889c1/lmdb-2.2.0-pp310-pypy310_pp73-manylinux_2_38_x86_64.whl", hash = "sha256:a678e0ffcdc366a197b60e1f3e28e7c425031b35d5cbd73c0f08290ee7791ca6", size = 94857, upload-time = "2026-03-30T01:26:17.931Z" },
]

[[package]]
name = "lxml"
version = "6.1.1"
source = { registry = "https://pypi.org/simple" }
sdist = { url = "https://files.pythonhosted.org/packages/05/3b/aab6728cae887456f409b4d75e8a01856e4f04bd510de38052a47768b680/lxml-6.1.1.tar.gz", hash = "sha256:ba96ae44888e0185281e937633a743ea90d5a196c6000f82565ebb0580012d40", size = 4197430, upload-time = "2026-05-18T19:19:06.424Z" }
wheels = [
    { url = "https://files.pythonhosted.org/packages/12/da/dbe4dfc01ac226fb0504fad035f4d69f3202f3502e20e68537631daddd96/lxml-6.1.1-cp310-cp310-macosx_10_9_universal2.whl", hash = "sha256:09dd5b7075dc2f7709654a46543ba1ea3c2e217b2ed8fbd413a8a945a0f40f60", size = 8541124, upload-time = "2026-05-18T19:17:11.589Z" },
    { url = "https://files.pythonhosted.org/packages/78/20/f7095ed9fc2c025f9cfe71cc6ec9f1feb05624edc1812423b5f1aecf3d4b/lxml-6.1.1-cp310-cp310-macosx_10_9_x86_64.whl", hash = "sha256:f6ac4ef4d82dff54670227a69c67782ae0b811b5cf6b17954f1e8f7502fc0d1d", size = 4602783, upload-time = "2026-05-18T19:17:20.888Z" },
    { url = "https://files.pythonhosted.org/packages/4a/a4/65c63ca98bd129f6cff7b8c2fa48953ab058cc6005b541354e7dd54d8000/lxml-6.1.1-cp310-cp310-manylinux2014_aarch64.manylinux_2_17_aarch64.whl", hash = "sha256:556e94a63c9b04716f8e4de2abb65775061f846e89331b6c5be79183a24f98ea", size = 5002687, upload-time = "2026-05-18T19:17:01.738Z" },
    { url = "https://files.pythonhosted.org/packages/96/1d/ab7a5c4b5a394d98a94e2d0fc67bab8297597426770dd4978370fbdaf531/lxml-6.1.1-cp310-cp310-manylinux2014_x86_64.manylinux_2_17_x86_64.whl", hash = "sha256:5c6bf403fbb3b3e348a561a5f4f0b9961835657981c802a1df03653eef8a9074", size = 5155099, upload-time = "2026-05-18T19:17:05.159Z" },
    { url = "https://files.pythonhosted.org/packages/d0/b1/07603bfeeb891a2596d5c2a68f7d2f70f7d11c841ebe391412c69c2857b0/lxml-6.1.1-cp310-cp310-manylinux_2_26_aarch64.manylinux_2_28_aarch64.whl", hash = "sha256:1dde6131244bba38a17c745836ba190bc753fd73c9291666287fd0a3fa3dcf30", size = 5057225, upload-time = "2026-05-18T19:17:08.117Z" },
    { url = "https://files.pythonhosted.org/packages/7a/16/cb391ee4b90186fa16d9ebcbe3ea96c71b8da3b0686386c8dcbcc3c67d44/lxml-6.1.1-cp310-cp310-manylinux_2_26_x86_64.manylinux_2_28_x86_64.whl", hash = "sha256:98fc784c2c1440667aeedf8465bdfe10208acf0ead656a2c68627299f546b315", size = 5287643, upload-time = "2026-05-18T19:17:11.507Z" },
    { url = "https://files.pythonhosted.org/packages/eb/d6/b619717f918fd76747448fdbaee0e769edbc70e659b5b5d0112b7020b7a3/lxml-6.1.1-cp310-cp310-manylinux_2_28_i686.whl", hash = "sha256:add8cf6ddf9a65116119a28ece0f7886e30af27ba724a7594305f1d1b58a92a1", size = 5412445, upload-time = "2026-05-18T19:17:22.182Z" },
    { url = "https://files.pythonhosted.org/packages/c6/80/12bc5390ac0a3edeb579d9535e5049a5dda663438728e179d52fb319c33a/lxml-6.1.1-cp310-cp310-manylinux_2_31_armv7l.whl", hash = "sha256:cf9d57306d848218f3601fee7601fab1a327c942d56e2e97610583cb4dd74206", size = 4770864, upload-time = "2026-05-18T19:17:26.851Z" },
    { url = "https://files.pythonhosted.org/packages/0b/59/6500c09da3137f54f020e908d81cfc5ee3e8888e908fd380207afad7c2e6/lxml-6.1.1-cp310-cp310-manylinux_2_38_riscv64.manylinux_2_39_riscv64.whl", hash = "sha256:88136950da4d13c318bde414ce10219931937851327f44328f2df4d2c4614067", size = 5359594, upload-time = "2026-05-18T19:17:32.527Z" },
    { url = "https://files.pythonhosted.org/packages/f2/9b/f64b4cc6b7ebcf75d95af3cde934d254b5f2f10d4163928d838d86b6eb48/lxml-6.1.1-cp310-cp310-musllinux_1_2_aarch64.whl", hash = "sha256:cecdd5dfdc87b1fd87dbf81d4b037a544f47f4c744200a67013771682d67686a", size = 5107713, upload-time = "2026-05-18T19:17:04.402Z" },
    { url = "https://files.pythonhosted.org/packages/16/19/c7388ad5d3a72315d2832dc1458cbf4f2af7f2b990b606ff4876efd04511/lxml-6.1.1-cp310-cp310-musllinux_1_2_armv7l.whl", hash = "sha256:cd312b9692e831d2ffcad61eab31d91d4b4655a962e61de8fb410472cbcd37aa", size = 4803973, upload-time = "2026-05-18T19:17:06.545Z" },
    { url = "https://files.pythonhosted.org/packages/3f/22/76197f0bbf165f0b9e75be59be4997e5259cde973f12f098c1b54c7f5d60/lxml-6.1.1-cp310-cp310-musllinux_1_2_riscv64.whl", hash = "sha256:5b7328b46d49fc9477d91ae8f6d55340347d827b7734ba3ea33faae0efef1383", size = 5349925, upload-time = "2026-05-18T19:17:09.743Z" },
    { url = "https://files.pythonhosted.org/packages/24/52/d2a0cfeccb9bcdc47c7ee05cdae5d69b48c9acf20997790a6338bb0d0b3b/lxml-6.1.1-cp310-cp310-musllinux_1_2_x86_64.whl", hash = "sha256:37a58976370f36d9329d118ad0b953c5aeb9119ac9c6a4e258942a225d0573a1", size = 5309825, upload-time = "2026-05-18T19:17:13.831Z" },
    { url = "https://files.pythonhosted.org/packages/19/4a/b30944266776c2f49749ef2445aa7e78898194134b80ad776386f61b56ae/lxml-6.1.1-cp310-cp310-win32.whl", hash = "sha256:cea3f4c1af79af13cdb2da0c028111d8f8522d4f22a000c82385535f24e5cf3a", size = 3598402, upload-time = "2026-05-18T19:17:08.21Z" },
    { url = "https://files.pythonhosted.org/packages/9e/97/33691c66a4d7ec1a5a98e7c909a5b83ee45c7f7ba4cf92b1c4cf26e98079/lxml-6.1.1-cp310-cp310-win_amd64.whl", hash = "sha256:3abf332af33a74288675d936fe861fd4344da0dd6622193fbc4f2bfbb35536b5", size = 4021295, upload-time = "2026-05-18T19:17:28.638Z" },
    { url = "https://files.pythonhosted.org/packages/d0/5f/26a4dd0e12b9456ff7b12a21af5b491eb6629680d1edd73f4140fd386bcf/lxml-6.1.1-cp310-cp310-win_arm64.whl", hash = "sha256:8dadbe5b217ff35b6a8d16610dd710219b59b76d13f0e3f0d9f36786206e4485", size = 3667717, upload-time = "2026-05-19T19:22:44.474Z" },
]

[[package]]
name = "msgpack"
version = "1.1.2"
source = { registry = "https://pypi.org/simple" }
sdist = { url = "https://files.pythonhosted.org/packages/4d/f2/bfb55a6236ed8725a96b0aa3acbd0ec17588e6a2c3b62a93eb513ed8783f/msgpack-1.1.2.tar.gz", hash = "sha256:3b60763c1373dd60f398488069bcdc703cd08a711477b5d480eecc9f9626f47e", size = 173581, upload-time = "2025-10-08T09:15:56.596Z" }
wheels = [
    { url = "https://files.pythonhosted.org/packages/f5/a2/3b68a9e769db68668b25c6108444a35f9bd163bb848c0650d516761a59c0/msgpack-1.1.2-cp310-cp310-macosx_10_9_x86_64.whl", hash = "sha256:0051fffef5a37ca2cd16978ae4f0aef92f164df86823871b5162812bebecd8e2", size = 81318, upload-time = "2025-10-08T09:14:38.722Z" },
    { url = "https://files.pythonhosted.org/packages/5b/e1/2b720cc341325c00be44e1ed59e7cfeae2678329fbf5aa68f5bda57fe728/msgpack-1.1.2-cp310-cp310-macosx_11_0_arm64.whl", hash = "sha256:a605409040f2da88676e9c9e5853b3449ba8011973616189ea5ee55ddbc5bc87", size = 83786, upload-time = "2025-10-08T09:14:40.082Z" },
    { url = "https://files.pythonhosted.org/packages/71/e5/c2241de64bfceac456b140737812a2ab310b10538a7b34a1d393b748e095/msgpack-1.1.2-cp310-cp310-manylinux2014_aarch64.manylinux_2_17_aarch64.manylinux_2_28_aarch64.whl", hash = "sha256:8b696e83c9f1532b4af884045ba7f3aa741a63b2bc22617293a2c6a7c645f251", size = 398240, upload-time = "2025-10-08T09:14:41.151Z" },
    { url = "https://files.pythonhosted.org/packages/b7/09/2a06956383c0fdebaef5aa9246e2356776f12ea6f2a44bd1368abf0e46c4/msgpack-1.1.2-cp310-cp310-manylinux2014_x86_64.manylinux_2_17_x86_64.manylinux_2_28_x86_64.whl", hash = "sha256:365c0bbe981a27d8932da71af63ef86acc59ed5c01ad929e09a0b88c6294e28a", size = 406070, upload-time = "2025-10-08T09:14:42.821Z" },
    { url = "https://files.pythonhosted.org/packages/0e/74/2957703f0e1ef20637d6aead4fbb314330c26f39aa046b348c7edcf6ca6b/msgpack-1.1.2-cp310-cp310-musllinux_1_2_aarch64.whl", hash = "sha256:41d1a5d875680166d3ac5c38573896453bbbea7092936d2e107214daf43b1d4f", size = 393403, upload-time = "2025-10-08T09:14:44.38Z" },
    { url = "https://files.pythonhosted.org/packages/a5/09/3bfc12aa90f77b37322fc33e7a8a7c29ba7c8edeadfa27664451801b9860/msgpack-1.1.2-cp310-cp310-musllinux_1_2_x86_64.whl", hash = "sha256:354e81bcdebaab427c3df4281187edc765d5d76bfb3a7c125af9da7a27e8458f", size = 398947, upload-time = "2025-10-08T09:14:45.56Z" },
    { url = "https://files.pythonhosted.org/packages/4b/4f/05fcebd3b4977cb3d840f7ef6b77c51f8582086de5e642f3fefee35c86fc/msgpack-1.1.2-cp310-cp310-win32.whl", hash = "sha256:e64c8d2f5e5d5fda7b842f55dec6133260ea8f53c4257d64494c534f306bf7a9", size = 64769, upload-time = "2025-10-08T09:14:47.334Z" },
    { url = "https://files.pythonhosted.org/packages/d0/3e/b4547e3a34210956382eed1c85935fff7e0f9b98be3106b3745d7dec9c5e/msgpack-1.1.2-cp310-cp310-win_amd64.whl", hash = "sha256:db6192777d943bdaaafb6ba66d44bf65aa0e9c5616fa1d2da9bb08828c6b39aa", size = 71293, upload-time = "2025-10-08T09:14:48.665Z" },
]

[[package]]
name = "packaging"
version = "26.2"
source = { registry = "https://pypi.org/simple" }
sdist = { url = "https://files.pythonhosted.org/packages/d7/f1/e7a6dd94a8d4a5626c03e4e99c87f241ba9e350cd9e6d75123f992427270/packaging-26.2.tar.gz", hash = "sha256:ff452ff5a3e828ce110190feff1178bb1f2ea2281fa2075aadb987c2fb221661", size = 228134, upload-time = "2026-04-24T20:15:23.917Z" }
wheels = [
    { url = "https://files.pythonhosted.org/packages/df/b2/87e62e8c3e2f4b32e5fe99e0b86d576da1312593b39f47d8ceef365e95ed/packaging-26.2-py3-none-any.whl", hash = "sha256:5fc45236b9446107ff2415ce77c807cee2862cb6fac22b8a73826d0693b0980e", size = 100195, upload-time = "2026-04-24T20:15:22.081Z" },
]

[[package]]
name = "pluggy"
version = "1.6.0"
source = { registry = "https://pypi.org/simple" }
sdist = { url = "https://files.pythonhosted.org/packages/f9/e2/3e91f31a7d2b083fe6ef3fa267035b518369d9511ffab804f839851d2779/pluggy-1.6.0.tar.gz", hash = "sha256:7dcc130b76258d33b90f61b658791dede3486c3e6bfb003ee5c9bfb396dd22f3", size = 69412, upload-time = "2025-05-15T12:30:07.975Z" }
wheels = [
    { url = "https://files.pythonhosted.org/packages/54/20/4d324d65cc6d9205fabedc306948156824eb9f0ee1633355a8f7ec5c66bf/pluggy-1.6.0-py3-none-any.whl", hash = "sha256:e920276dd6813095e9377c0bc5566d94c932c33b27a3e3945d8389c374dd4746", size = 20538, upload-time = "2025-05-15T12:30:06.134Z" },
]

[[package]]
name = "pygments"
version = "2.20.0"
source = { registry = "https://pypi.org/simple" }
sdist = { url = "https://files.pythonhosted.org/packages/c3/b2/bc9c9196916376152d655522fdcebac55e66de6603a76a02bca1b6414f6c/pygments-2.20.0.tar.gz", hash = "sha256:6757cd03768053ff99f3039c1a36d6c0aa0b263438fcab17520b30a303a82b5f", size = 4955991, upload-time = "2026-03-29T13:29:33.898Z" }
wheels = [
    { url = "https://files.pythonhosted.org/packages/f4/7e/a72dd26f3b0f4f2bf1dd8923c85f7ceb43172af56d63c7383eb62b332364/pygments-2.20.0-py3-none-any.whl", hash = "sha256:81a9e26dd42fd28a23a2d169d86d7ac03b46e2f8b59ed4698fb4785f946d0176", size = 1231151, upload-time = "2026-03-29T13:29:30.038Z" },
]

[[package]]
name = "pytest"
version = "9.0.3"
source = { registry = "https://pypi.org/simple" }
dependencies = [
    { name = "colorama", marker = "sys_platform == 'win32'" },
    { name = "exceptiongroup" },
    { name = "iniconfig" },
    { name = "packaging" },
    { name = "pluggy" },
    { name = "pygments" },
    { name = "tomli" },
]
sdist = { url = "https://files.pythonhosted.org/packages/7d/0d/549bd94f1a0a402dc8cf64563a117c0f3765662e2e668477624baeec44d5/pytest-9.0.3.tar.gz", hash = "sha256:b86ada508af81d19edeb213c681b1d48246c1a91d304c6c81a427674c17eb91c", size = 1572165, upload-time = "2026-04-07T17:16:18.027Z" }
wheels = [
    { url = "https://files.pythonhosted.org/packages/d4/24/a372aaf5c9b7208e7112038812994107bc65a84cd00e0354a88c2c77a617/pytest-9.0.3-py3-none-any.whl", hash = "sha256:2c5efc453d45394fdd706ade797c0a81091eccd1d6e4bccfcd476e2b8e0ab5d9", size = 375249, upload-time = "2026-04-07T17:16:16.13Z" },
]

[[package]]
name = "ruff"
version = "0.15.2"
source = { registry = "https://pypi.org/simple" }
sdist = { url = "https://files.pythonhosted.org/packages/06/04/eab13a954e763b0606f460443fcbf6bb5a0faf06890ea3754ff16523dce5/ruff-0.15.2.tar.gz", hash = "sha256:14b965afee0969e68bb871eba625343b8673375f457af4abe98553e8bbb98342", size = 4558148, upload-time = "2026-02-19T22:32:20.271Z" }
wheels = [
    { url = "https://files.pythonhosted.org/packages/2f/70/3a4dc6d09b13cb3e695f28307e5d889b2e1a66b7af9c5e257e796695b0e6/ruff-0.15.2-py3-none-linux_armv6l.whl", hash = "sha256:120691a6fdae2f16d65435648160f5b81a9625288f75544dc40637436b5d3c0d", size = 10430565, upload-time = "2026-02-19T22:32:41.824Z" },
    { url = "https://files.pythonhosted.org/packages/71/0b/bb8457b56185ece1305c666dc895832946d24055be90692381c31d57466d/ruff-0.15.2-py3-none-macosx_10_12_x86_64.whl", hash = "sha256:a89056d831256099658b6bba4037ac6dd06f49d194199215befe2bb10457ea5e", size = 10820354, upload-time = "2026-02-19T22:32:07.366Z" },
    { url = "https://files.pythonhosted.org/packages/2d/c1/e0532d7f9c9e0b14c46f61b14afd563298b8b83f337b6789ddd987e46121/ruff-0.15.2-py3-none-macosx_11_0_arm64.whl", hash = "sha256:e36dee3a64be0ebd23c86ffa3aa3fd3ac9a712ff295e192243f814a830b6bd87", size = 10170767, upload-time = "2026-02-19T22:32:13.188Z" },
    { url = "https://files.pythonhosted.org/packages/47/e8/da1aa341d3af017a21c7a62fb5ec31d4e7ad0a93ab80e3a508316efbcb23/ruff-0.15.2-py3-none-manylinux_2_17_aarch64.manylinux2014_aarch64.whl", hash = "sha256:a9fb47b6d9764677f8c0a193c0943ce9a05d6763523f132325af8a858eadc2b9", size = 10529591, upload-time = "2026-02-19T22:32:02.547Z" },
    { url = "https://files.pythonhosted.org/packages/93/74/184fbf38e9f3510231fbc5e437e808f0b48c42d1df9434b208821efcd8d6/ruff-0.15.2-py3-none-manylinux_2_17_armv7l.manylinux2014_armv7l.whl", hash = "sha256:f376990f9d0d6442ea9014b19621d8f2aaf2b8e39fdbfc79220b7f0c596c9b80", size = 10260771, upload-time = "2026-02-19T22:32:36.938Z" },
    { url = "https://files.pythonhosted.org/packages/05/ac/605c20b8e059a0bc4b42360414baa4892ff278cec1c91fff4be0dceedefd/ruff-0.15.2-py3-none-manylinux_2_17_i686.manylinux2014_i686.whl", hash = "sha256:2dcc987551952d73cbf5c88d9fdee815618d497e4df86cd4c4824cc59d5dd75f", size = 11045791, upload-time = "2026-02-19T22:32:31.642Z" },
    { url = "https://files.pythonhosted.org/packages/fd/52/db6e419908f45a894924d410ac77d64bdd98ff86901d833364251bd08e22/ruff-0.15.2-py3-none-manylinux_2_17_ppc64le.manylinux2014_ppc64le.whl", hash = "sha256:42a47fd785cbe8c01b9ff45031af875d101b040ad8f4de7bbb716487c74c9a77", size = 11879271, upload-time = "2026-02-19T22:32:29.305Z" },
    { url = "https://files.pythonhosted.org/packages/3e/d8/7992b18f2008bdc9231d0f10b16df7dda964dbf639e2b8b4c1b4e91b83af/ruff-0.15.2-py3-none-manylinux_2_17_s390x.manylinux2014_s390x.whl", hash = "sha256:cbe9f49354866e575b4c6943856989f966421870e85cd2ac94dccb0a9dcb2fea", size = 11303707, upload-time = "2026-02-19T22:32:22.492Z" },
    { url = "https://files.pythonhosted.org/packages/d7/02/849b46184bcfdd4b64cde61752cc9a146c54759ed036edd11857e9b8443b/ruff-0.15.2-py3-none-manylinux_2_17_x86_64.manylinux2014_x86_64.whl", hash = "sha256:b7a672c82b5f9887576087d97be5ce439f04bbaf548ee987b92d3a7dede41d3a", size = 11149151, upload-time = "2026-02-19T22:32:44.234Z" },
    { url = "https://files.pythonhosted.org/packages/70/04/f5284e388bab60d1d3b99614a5a9aeb03e0f333847e2429bebd2aaa1feec/ruff-0.15.2-py3-none-manylinux_2_31_riscv64.whl", hash = "sha256:72ecc64f46f7019e2bcc3cdc05d4a7da958b629a5ab7033195e11a438403d956", size = 11091132, upload-time = "2026-02-19T22:32:24.691Z" },
    { url = "https://files.pythonhosted.org/packages/fa/ae/88d844a21110e14d92cf73d57363fab59b727ebeabe78009b9ccb23500af/ruff-0.15.2-py3-none-musllinux_1_2_aarch64.whl", hash = "sha256:8dcf243b15b561c655c1ef2f2b0050e5d50db37fe90115507f6ff37d865dc8b4", size = 10504717, upload-time = "2026-02-19T22:32:26.75Z" },
    { url = "https://files.pythonhosted.org/packages/64/27/867076a6ada7f2b9c8292884ab44d08fd2ba71bd2b5364d4136f3cd537e1/ruff-0.15.2-py3-none-musllinux_1_2_armv7l.whl", hash = "sha256:dab6941c862c05739774677c6273166d2510d254dac0695c0e3f5efa1b5585de", size = 10263122, upload-time = "2026-02-19T22:32:10.036Z" },
    { url = "https://files.pythonhosted.org/packages/e7/ef/faf9321d550f8ebf0c6373696e70d1758e20ccdc3951ad7af00c0956be7c/ruff-0.15.2-py3-none-musllinux_1_2_i686.whl", hash = "sha256:1b9164f57fc36058e9a6806eb92af185b0697c9fe4c7c52caa431c6554521e5c", size = 10735295, upload-time = "2026-02-19T22:32:39.227Z" },
    { url = "https://files.pythonhosted.org/packages/2f/55/e8089fec62e050ba84d71b70e7834b97709ca9b7aba10c1a0b196e493f97/ruff-0.15.2-py3-none-musllinux_1_2_x86_64.whl", hash = "sha256:80d24fcae24d42659db7e335b9e1531697a7102c19185b8dc4a028b952865fd8", size = 11241641, upload-time = "2026-02-19T22:32:34.617Z" },
    { url = "https://files.pythonhosted.org/packages/23/01/1c30526460f4d23222d0fabd5888868262fd0e2b71a00570ca26483cd993/ruff-0.15.2-py3-none-win32.whl", hash = "sha256:fd5ff9e5f519a7e1bd99cbe8daa324010a74f5e2ebc97c6242c08f26f3714f6f", size = 10507885, upload-time = "2026-02-19T22:32:15.635Z" },
    { url = "https://files.pythonhosted.org/packages/5c/10/3d18e3bbdf8fc50bbb4ac3cc45970aa5a9753c5cb51bf9ed9a3cd8b79fa3/ruff-0.15.2-py3-none-win_amd64.whl", hash = "sha256:d20014e3dfa400f3ff84830dfb5755ece2de45ab62ecea4af6b7262d0fb4f7c5", size = 11623725, upload-time = "2026-02-19T22:32:04.947Z" },
    { url = "https://files.pythonhosted.org/packages/6d/78/097c0798b1dab9f8affe73da9642bb4500e098cb27fd8dc9724816ac747b/ruff-0.15.2-py3-none-win_arm64.whl", hash = "sha256:cabddc5822acdc8f7b5527b36ceac55cc51eec7b1946e60181de8fe83ca8876e", size = 10941649, upload-time = "2026-02-19T22:32:18.108Z" },
]

[[package]]
name = "tomli"
version = "2.4.1"
source = { registry = "https://pypi.org/simple" }
sdist = { url = "https://files.pythonhosted.org/packages/22/de/48c59722572767841493b26183a0d1cc411d54fd759c5607c4590b6563a6/tomli-2.4.1.tar.gz", hash = "sha256:7c7e1a961a0b2f2472c1ac5b69affa0ae1132c39adcb67aba98568702b9cc23f", size = 17543, upload-time = "2026-03-25T20:22:03.828Z" }
wheels = [
    { url = "https://files.pythonhosted.org/packages/7b/61/cceae43728b7de99d9b847560c262873a1f6c98202171fd5ed62640b494b/tomli-2.4.1-py3-none-any.whl", hash = "sha256:0d85819802132122da43cb86656f8d1f8c6587d54ae7dcaf30e90533028b49fe", size = 14583, upload-time = "2026-03-25T20:22:03.012Z" },
]

[[package]]
name = "tqdm"
version = "4.67.3"
source = { registry = "https://pypi.org/simple" }
dependencies = [
    { name = "colorama", marker = "sys_platform == 'win32'" },
]
sdist = { url = "https://files.pythonhosted.org/packages/09/a9/6ba95a270c6f1fbcd8dac228323f2777d886cb206987444e4bce66338dd4/tqdm-4.67.3.tar.gz", hash = "sha256:7d825f03f89244ef73f1d4ce193cb1774a8179fd96f31d7e1dcde62092b960bb", size = 169598, upload-time = "2026-02-03T17:35:53.048Z" }
wheels = [
    { url = "https://files.pythonhosted.org/packages/16/e1/3079a9ff9b8e11b846c6ac5c8b5bfb7ff225eee721825310c91b3b50304f/tqdm-4.67.3-py3-none-any.whl", hash = "sha256:ee1e4c0e59148062281c49d80b25b67771a127c85fc9676d3be5f243206826bf", size = 78374, upload-time = "2026-02-03T17:35:50.982Z" },
]

[[package]]
name = "typing-extensions"
version = "4.15.0"
source = { registry = "https://pypi.org/simple" }
sdist = { url = "https://files.pythonhosted.org/packages/72/94/1a15dd82efb362ac84269196e94cf00f187f7ed21c242792a923cdb1c61f/typing_extensions-4.15.0.tar.gz", hash = "sha256:0cea48d173cc12fa28ecabc3b837ea3cf6f38c6d1136f85cbaaf598984861466", size = 109391, upload-time = "2025-08-25T13:49:26.313Z" }
wheels = [
    { url = "https://files.pythonhosted.org/packages/18/67/36e9267722cc04a6b9f15c7f3441c2363321a3ea07da7ae0c0707beb2a9c/typing_extensions-4.15.0-py3-none-any.whl", hash = "sha256:f0fa19c6845758ab08074a0cfa8b7aecb71c999ca73d62883bc25cc018c4e548", size = 44614, upload-time = "2025-08-25T13:49:24.86Z" },
]
